
Microsoft Visual Studio Solution File, Format Version 12.00
# Visual Studio 15
VisualStudioVersion = 15.0.27428.2043
MinimumVisualStudioVersion = 10.0.40219.1
Project("{FAE04EC0-301F-11D3-BF4B-00C04F79EFBC}") = "arrays", "arrays\arrays.csproj", "{131006A8-806D-4D45-AA87-85E689F7ED40}"
EndProject
Global
	GlobalSection(SolutionConfigurationPlatforms) = preSolution
		Debug|Any CPU = Debug|Any CPU
		Release|Any CPU = Release|Any CPU
	EndGlobalSection
	GlobalSection(ProjectConfigurationPlatforms) = postSolution
		{131006A8-806D-4D45-AA87-85E689F7ED40}.Debug|Any CPU.ActiveCfg = Debug|Any CPU
		{131006A8-806D-4D45-AA87-85E689F7ED40}.Debug|Any CPU.Build.0 = Debug|Any CPU
		{131006A8-806D-4D45-AA87-85E689F7ED40}.Release|Any CPU.ActiveCfg = Release|Any CPU
		{131006A8-806D-4D45-AA87-85E689F7ED40}.Release|Any CPU.Build.0 = Release|Any CPU
	EndGlobalSection
	GlobalSection(SolutionProperties) = preSolution
		HideSolutionNode = FALSE
	EndGlobalSection
	GlobalSection(ExtensibilityGlobals) = postSolution
		SolutionGuid = {2B128C3F-67FD-4D3C-BC26-441395B6C108}
	EndGlobalSection
EndGlobal
